
Microsoft Visual Studio Solution File, Format Version 12.00
# Visual Studio Version 17
VisualStudioVersion = 17.4.33213.308
MinimumVisualStudioVersion = 10.0.40219.1
Project("{8BC9CEB8-8B4A-11D0-8D11-00A0C91BC942}") = "AIS_Construction_company", "AIS_Construction_company\AIS_Construction_company.vcxproj", "{5EC5CDCC-2AE6-4FD4-B38B-DEA5BB946ADB}"
EndProject
Global
	GlobalSection(SolutionConfigurationPlatforms) = preSolution
		Debug|x64 = Debug|x64
		Debug|x86 = Debug|x86
		Release|x64 = Release|x64
		Release|x86 = Release|x86
	EndGlobalSection
	GlobalSection(ProjectConfigurationPlatforms) = postSolution
		{5EC5CDCC-2AE6-4FD4-B38B-DEA5BB946ADB}.Debug|x64.ActiveCfg = Debug|x64
		{5EC5CDCC-2AE6-4FD4-B38B-DEA5BB946ADB}.Debug|x64.Build.0 = Debug|x64
		{5EC5CDCC-2AE6-4FD4-B38B-DEA5BB946ADB}.Debug|x86.ActiveCfg = Debug|Win32
		{5EC5CDCC-2AE6-4FD4-B38B-DEA5BB946ADB}.Debug|x86.Build.0 = Debug|Win32
		{5EC5CDCC-2AE6-4FD4-B38B-DEA5BB946ADB}.Release|x64.ActiveCfg = Release|x64
		{5EC5CDCC-2AE6-4FD4-B38B-DEA5BB946ADB}.Release|x64.Build.0 = Release|x64
		{5EC5CDCC-2AE6-4FD4-B38B-DEA5BB946ADB}.Release|x86.ActiveCfg = Release|Win32
		{5EC5CDCC-2AE6-4FD4-B38B-DEA5BB946ADB}.Release|x86.Build.0 = Release|Win32
	EndGlobalSection
	GlobalSection(SolutionProperties) = preSolution
		HideSolutionNode = FALSE
	EndGlobalSection
	GlobalSection(ExtensibilityGlobals) = postSolution
		SolutionGuid = {1E31CE7A-3DED-4CFE-91F7-0F1B2F76DFA4}
	EndGlobalSection
EndGlobal
